// !$*UTF8*$!
{
	archiveVersion = 1;
	classes = {
	};
	objectVersion = 55;
	objects = {

/* Begin PBXBuildFile section */
		D31C89C02847749A000D7023 /* FirebaseAnalytics in Frameworks */ = {isa = PBXBuildFile; productRef = D31C89BF2847749A000D7023 /* FirebaseAnalytics */; };
		D31C89C22847749A000D7023 /* FirebaseAnalyticsSwift in Frameworks */ = {isa = PBXBuildFile; productRef = D31C89C12847749A000D7023 /* FirebaseAnalyticsSwift */; };
		D31C89C42847749A000D7023 /* FirebaseAuth in Frameworks */ = {isa = PBXBuildFile; productRef = D31C89C32847749A000D7023 /* FirebaseAuth */; };
		D31C89C62847749A000D7023 /* FirebaseCrashlytics in Frameworks */ = {isa = PBXBuildFile; productRef = D31C89C52847749A000D7023 /* FirebaseCrashlytics */; };
		D31C89C82847749A000D7023 /* FirebaseDatabase in Frameworks */ = {isa = PBXBuildFile; productRef = D31C89C72847749A000D7023 /* FirebaseDatabase */; };
		D31C89CA2847749A000D7023 /* FirebaseDatabaseSwift in Frameworks */ = {isa = PBXBuildFile; productRef = D31C89C92847749A000D7023 /* FirebaseDatabaseSwift */; };
		D31C89CC2847749A000D7023 /* FirebaseFirestore in Frameworks */ = {isa = PBXBuildFile; productRef = D31C89CB2847749A000D7023 /* FirebaseFirestore */; };
		D31C89CE2847749A000D7023 /* FirebaseFirestoreSwift in Frameworks */ = {isa = PBXBuildFile; productRef = D31C89CD2847749A000D7023 /* FirebaseFirestoreSwift */; };
		D31C89D02847749A000D7023 /* FirebaseFunctions in Frameworks */ = {isa = PBXBuildFile; productRef = D31C89CF2847749A000D7023 /* FirebaseFunctions */; };
		D31C89D22847749A000D7023 /* FirebaseStorage in Frameworks */ = {isa = PBXBuildFile; productRef = D31C89D12847749A000D7023 /* FirebaseStorage */; };
		D3268770283F48B1004ED9F3 /* UserTextField.swift in Sources */ = {isa = PBXBuildFile; fileRef = D326876F283F48B1004ED9F3 /* UserTextField.swift */; };
		D3268772283F61BB004ED9F3 /* GoogleService-Info.plist in Resources */ = {isa = PBXBuildFile; fileRef = D3268771283F61BB004ED9F3 /* GoogleService-Info.plist */; };
		D3268782283F7EE9004ED9F3 /* Constant.swift in Sources */ = {isa = PBXBuildFile; fileRef = D3268781283F7EE9004ED9F3 /* Constant.swift */; };
		D3268784283F7F9F004ED9F3 /* AppUser.swift in Sources */ = {isa = PBXBuildFile; fileRef = D3268783283F7F9F004ED9F3 /* AppUser.swift */; };
		D3268789283F88E6004ED9F3 /* TODO.swift in Sources */ = {isa = PBXBuildFile; fileRef = D3268788283F88E6004ED9F3 /* TODO.swift */; };
		D326878B283F899E004ED9F3 /* SelectedButton.swift in Sources */ = {isa = PBXBuildFile; fileRef = D326878A283F899E004ED9F3 /* SelectedButton.swift */; };
		D326878D283F8C0F004ED9F3 /* MockData.swift in Sources */ = {isa = PBXBuildFile; fileRef = D326878C283F8C0F004ED9F3 /* MockData.swift */; };
		D326878F283F9286004ED9F3 /* AuthViewModel.swift in Sources */ = {isa = PBXBuildFile; fileRef = D326878E283F9286004ED9F3 /* AuthViewModel.swift */; };
		D3268793283FA26C004ED9F3 /* DashboardView.swift in Sources */ = {isa = PBXBuildFile; fileRef = D3268792283FA26C004ED9F3 /* DashboardView.swift */; };
		D33487C82840D875008019BB /* TODOViewModel.swift in Sources */ = {isa = PBXBuildFile; fileRef = D33487C72840D875008019BB /* TODOViewModel.swift */; };
		D33C81FC284770B700564AAA /* SearchBarView.swift in Sources */ = {isa = PBXBuildFile; fileRef = D33C81FB284770B700564AAA /* SearchBarView.swift */; };
		D3962A8D28488D80002B1CE5 /* TODOButtonStack.swift in Sources */ = {isa = PBXBuildFile; fileRef = D3962A8C28488D80002B1CE5 /* TODOButtonStack.swift */; };
		D3962A8F2848963F002B1CE5 /* AddTODOLogo.swift in Sources */ = {isa = PBXBuildFile; fileRef = D3962A8E2848963F002B1CE5 /* AddTODOLogo.swift */; };
		D3962A912848B4BA002B1CE5 /* TODOView.swift in Sources */ = {isa = PBXBuildFile; fileRef = D3962A902848B4BA002B1CE5 /* TODOView.swift */; };
		D3962A932848BAE3002B1CE5 /* BlankView.swift in Sources */ = {isa = PBXBuildFile; fileRef = D3962A922848BAE3002B1CE5 /* BlankView.swift */; };
		D3962A952848BBBB002B1CE5 /* CreateTODOView.swift in Sources */ = {isa = PBXBuildFile; fileRef = D3962A942848BBBB002B1CE5 /* CreateTODOView.swift */; };
		D3962A972848BE82002B1CE5 /* TODOTextFileld.swift in Sources */ = {isa = PBXBuildFile; fileRef = D3962A962848BE82002B1CE5 /* TODOTextFileld.swift */; };
		D3962A992848C1D9002B1CE5 /* CustomTextEditor.swift in Sources */ = {isa = PBXBuildFile; fileRef = D3962A982848C1D9002B1CE5 /* CustomTextEditor.swift */; };
		D39F1B32283E0626004B1E31 /* EmailTextField.swift in Sources */ = {isa = PBXBuildFile; fileRef = D39F1B31283E0626004B1E31 /* EmailTextField.swift */; };
		D39F1B34283E0CC2004B1E31 /* LogoView.swift in Sources */ = {isa = PBXBuildFile; fileRef = D39F1B33283E0CC2004B1E31 /* LogoView.swift */; };
		D39F1B38283E2C7D004B1E31 /* CustomSecureTextField.swift in Sources */ = {isa = PBXBuildFile; fileRef = D39F1B37283E2C7D004B1E31 /* CustomSecureTextField.swift */; };
		D39F1B3A283E30BA004B1E31 /* PasswordTextField.swift in Sources */ = {isa = PBXBuildFile; fileRef = D39F1B39283E30BA004B1E31 /* PasswordTextField.swift */; };
		D39F1B3C283E3C52004B1E31 /* AuthenticationButtonView.swift in Sources */ = {isa = PBXBuildFile; fileRef = D39F1B3B283E3C52004B1E31 /* AuthenticationButtonView.swift */; };
		D3B6A3B0283CE5C4006DE578 /* ToDoSwiftUIApp.swift in Sources */ = {isa = PBXBuildFile; fileRef = D3B6A3AF283CE5C4006DE578 /* ToDoSwiftUIApp.swift */; };
		D3B6A3B2283CE5C4006DE578 /* ContentView.swift in Sources */ = {isa = PBXBuildFile; fileRef = D3B6A3B1283CE5C4006DE578 /* ContentView.swift */; };
		D3B6A3B4283CE5C7006DE578 /* Assets.xcassets in Resources */ = {isa = PBXBuildFile; fileRef = D3B6A3B3283CE5C7006DE578 /* Assets.xcassets */; };
		D3B6A3B7283CE5C7006DE578 /* Preview Assets.xcassets in Resources */ = {isa = PBXBuildFile; fileRef = D3B6A3B6283CE5C7006DE578 /* Preview Assets.xcassets */; };
		D3B6A3C3283CEB97006DE578 /* LoginView.swift in Sources */ = {isa = PBXBuildFile; fileRef = D3B6A3C2283CEB97006DE578 /* LoginView.swift */; };
		D3B6A3C5283CEBB3006DE578 /* SignUpView.swift in Sources */ = {isa = PBXBuildFile; fileRef = D3B6A3C4283CEBB3006DE578 /* SignUpView.swift */; };
		D3B6A3C7283CECDA006DE578 /* BackgroundGradiantView.swift in Sources */ = {isa = PBXBuildFile; fileRef = D3B6A3C6283CECDA006DE578 /* BackgroundGradiantView.swift */; };
		D3B6A3CC283D1BDD006DE578 /* CustomTextField.swift in Sources */ = {isa = PBXBuildFile; fileRef = D3B6A3CB283D1BDD006DE578 /* CustomTextField.swift */; };
/* End PBXBuildFile section */

/* Begin PBXFileReference section */
		D326876F283F48B1004ED9F3 /* UserTextField.swift */ = {isa = PBXFileReference; lastKnownFileType = sourcecode.swift; path = UserTextField.swift; sourceTree = "<group>"; };
		D3268771283F61BB004ED9F3 /* GoogleService-Info.plist */ = {isa = PBXFileReference; fileEncoding = 4; lastKnownFileType = text.plist.xml; path = "GoogleService-Info.plist"; sourceTree = "<group>"; };
		D3268781283F7EE9004ED9F3 /* Constant.swift */ = {isa = PBXFileReference; lastKnownFileType = sourcecode.swift; path = Constant.swift; sourceTree = "<group>"; };
		D3268783283F7F9F004ED9F3 /* AppUser.swift */ = {isa = PBXFileReference; lastKnownFileType = sourcecode.swift; path = AppUser.swift; sourceTree = "<group>"; };
		D3268788283F88E6004ED9F3 /* TODO.swift */ = {isa = PBXFileReference; lastKnownFileType = sourcecode.swift; path = TODO.swift; sourceTree = "<group>"; };
		D326878A283F899E004ED9F3 /* SelectedButton.swift */ = {isa = PBXFileReference; lastKnownFileType = sourcecode.swift; path = SelectedButton.swift; sourceTree = "<group>"; };
		D326878C283F8C0F004ED9F3 /* MockData.swift */ = {isa = PBXFileReference; lastKnownFileType = sourcecode.swift; path = MockData.swift; sourceTree = "<group>"; };
		D326878E283F9286004ED9F3 /* AuthViewModel.swift */ = {isa = PBXFileReference; lastKnownFileType = sourcecode.swift; path = AuthViewModel.swift; sourceTree = "<group>"; };
		D3268792283FA26C004ED9F3 /* DashboardView.swift */ = {isa = PBXFileReference; lastKnownFileType = sourcecode.swift; path = DashboardView.swift; sourceTree = "<group>"; };
		D33487C72840D875008019BB /* TODOViewModel.swift */ = {isa = PBXFileReference; lastKnownFileType = sourcecode.swift; path = TODOViewModel.swift; sourceTree = "<group>"; };
		D33C81FB284770B700564AAA /* SearchBarView.swift */ = {isa = PBXFileReference; lastKnownFileType = sourcecode.swift; path = SearchBarView.swift; sourceTree = "<group>"; };
		D3962A8C28488D80002B1CE5 /* TODOButtonStack.swift */ = {isa = PBXFileReference; lastKnownFileType = sourcecode.swift; path = TODOButtonStack.swift; sourceTree = "<group>"; };
		D3962A8E2848963F002B1CE5 /* AddTODOLogo.swift */ = {isa = PBXFileReference; lastKnownFileType = sourcecode.swift; path = AddTODOLogo.swift; sourceTree = "<group>"; };
		D3962A902848B4BA002B1CE5 /* TODOView.swift */ = {isa = PBXFileReference; lastKnownFileType = sourcecode.swift; path = TODOView.swift; sourceTree = "<group>"; };
		D3962A922848BAE3002B1CE5 /* BlankView.swift */ = {isa = PBXFileReference; lastKnownFileType = sourcecode.swift; path = BlankView.swift; sourceTree = "<group>"; };
		D3962A942848BBBB002B1CE5 /* CreateTODOView.swift */ = {isa = PBXFileReference; lastKnownFileType = sourcecode.swift; path = CreateTODOView.swift; sourceTree = "<group>"; };
		D3962A962848BE82002B1CE5 /* TODOTextFileld.swift */ = {isa = PBXFileReference; lastKnownFileType = sourcecode.swift; path = TODOTextFileld.swift; sourceTree = "<group>"; };
		D3962A982848C1D9002B1CE5 /* CustomTextEditor.swift */ = {isa = PBXFileReference; lastKnownFileType = sourcecode.swift; path = CustomTextEditor.swift; sourceTree = "<group>"; };
		D39F1B31283E0626004B1E31 /* EmailTextField.swift */ = {isa = PBXFileReference; lastKnownFileType = sourcecode.swift; path = EmailTextField.swift; sourceTree = "<group>"; };
		D39F1B33283E0CC2004B1E31 /* LogoView.swift */ = {isa = PBXFileReference; lastKnownFileType = sourcecode.swift; path = LogoView.swift; sourceTree = "<group>"; };
		D39F1B37283E2C7D004B1E31 /* CustomSecureTextField.swift */ = {isa = PBXFileReference; lastKnownFileType = sourcecode.swift; path = CustomSecureTextField.swift; sourceTree = "<group>"; };
		D39F1B39283E30BA004B1E31 /* PasswordTextField.swift */ = {isa = PBXFileReference; lastKnownFileType = sourcecode.swift; path = PasswordTextField.swift; sourceTree = "<group>"; };
		D39F1B3B283E3C52004B1E31 /* AuthenticationButtonView.swift */ = {isa = PBXFileReference; lastKnownFileType = sourcecode.swift; path = AuthenticationButtonView.swift; sourceTree = "<group>"; };
		D3B6A3AC283CE5C4006DE578 /* ToDoSwiftUI.app */ = {isa = PBXFileReference; explicitFileType = wrapper.application; includeInIndex = 0; path = ToDoSwiftUI.app; sourceTree = BUILT_PRODUCTS_DIR; };
		D3B6A3AF283CE5C4006DE578 /* ToDoSwiftUIApp.swift */ = {isa = PBXFileReference; lastKnownFileType = sourcecode.swift; path = ToDoSwiftUIApp.swift; sourceTree = "<group>"; };
		D3B6A3B1283CE5C4006DE578 /* ContentView.swift */ = {isa = PBXFileReference; lastKnownFileType = sourcecode.swift; path = ContentView.swift; sourceTree = "<group>"; };
		D3B6A3B3283CE5C7006DE578 /* Assets.xcassets */ = {isa = PBXFileReference; lastKnownFileType = folder.assetcatalog; path = Assets.xcassets; sourceTree = "<group>"; };
		D3B6A3B6283CE5C7006DE578 /* Preview Assets.xcassets */ = {isa = PBXFileReference; lastKnownFileType = folder.assetcatalog; path = "Preview Assets.xcassets"; sourceTree = "<group>"; };
		D3B6A3C2283CEB97006DE578 /* LoginView.swift */ = {isa = PBXFileReference; lastKnownFileType = sourcecode.swift; path = LoginView.swift; sourceTree = "<group>"; };
		D3B6A3C4283CEBB3006DE578 /* SignUpView.swift */ = {isa = PBXFileReference; lastKnownFileType = sourcecode.swift; path = SignUpView.swift; sourceTree = "<group>"; };
		D3B6A3C6283CECDA006DE578 /* BackgroundGradiantView.swift */ = {isa = PBXFileReference; lastKnownFileType = sourcecode.swift; path = BackgroundGradiantView.swift; sourceTree = "<group>"; };
		D3B6A3CB283D1BDD006DE578 /* CustomTextField.swift */ = {isa = PBXFileReference; lastKnownFileType = sourcecode.swift; path = CustomTextField.swift; sourceTree = "<group>"; };
/* End PBXFileReference section */

/* Begin PBXFrameworksBuildPhase section */
		D3B6A3A9283CE5C4006DE578 /* Frameworks */ = {
			isa = PBXFrameworksBuildPhase;
			buildActionMask = 2147483647;
			files = (
				D31C89CA2847749A000D7023 /* FirebaseDatabaseSwift in Frameworks */,
				D31C89C82847749A000D7023 /* FirebaseDatabase in Frameworks */,
				D31C89C22847749A000D7023 /* FirebaseAnalyticsSwift in Frameworks */,
				D31C89D22847749A000D7023 /* FirebaseStorage in Frameworks */,
				D31C89D02847749A000D7023 /* FirebaseFunctions in Frameworks */,
				D31C89C62847749A000D7023 /* FirebaseCrashlytics in Frameworks */,
				D31C89C42847749A000D7023 /* FirebaseAuth in Frameworks */,
				D31C89C02847749A000D7023 /* FirebaseAnalytics in Frameworks */,
				D31C89CC2847749A000D7023 /* FirebaseFirestore in Frameworks */,
				D31C89CE2847749A000D7023 /* FirebaseFirestoreSwift in Frameworks */,
			);
			runOnlyForDeploymentPostprocessing = 0;
		};
/* End PBXFrameworksBuildPhase section */

/* Begin PBXGroup section */
		D3268780283F7ED6004ED9F3 /* Utils */ = {
			isa = PBXGroup;
			children = (
				D3268781283F7EE9004ED9F3 /* Constant.swift */,
			);
			path = Utils;
			sourceTree = "<group>";
		};
		D3268785283F8808004ED9F3 /* Frameworks */ = {
			isa = PBXGroup;
			children = (
			);
			name = Frameworks;
			sourceTree = "<group>";
		};
		D3B6A3A3283CE5C4006DE578 = {
			isa = PBXGroup;
			children = (
				D3268771283F61BB004ED9F3 /* GoogleService-Info.plist */,
				D3B6A3AE283CE5C4006DE578 /* ToDoSwiftUI */,
				D3B6A3AD283CE5C4006DE578 /* Products */,
				D3268785283F8808004ED9F3 /* Frameworks */,
			);
			sourceTree = "<group>";
		};
		D3B6A3AD283CE5C4006DE578 /* Products */ = {
			isa = PBXGroup;
			children = (
				D3B6A3AC283CE5C4006DE578 /* ToDoSwiftUI.app */,
			);
			name = Products;
			sourceTree = "<group>";
		};
		D3B6A3AE283CE5C4006DE578 /* ToDoSwiftUI */ = {
			isa = PBXGroup;
			children = (
				D3268780283F7ED6004ED9F3 /* Utils */,
				D3B6A3BD283CEAB1006DE578 /* Model */,
				D3B6A3BE283CEABB006DE578 /* View */,
				D3B6A3BF283CEAC3006DE578 /* ViewModel */,
				D3B6A3AF283CE5C4006DE578 /* ToDoSwiftUIApp.swift */,
				D3B6A3B1283CE5C4006DE578 /* ContentView.swift */,
				D3B6A3B3283CE5C7006DE578 /* Assets.xcassets */,
				D3B6A3B5283CE5C7006DE578 /* Preview Content */,
			);
			path = ToDoSwiftUI;
			sourceTree = "<group>";
		};
		D3B6A3B5283CE5C7006DE578 /* Preview Content */ = {
			isa = PBXGroup;
			children = (
				D3B6A3B6283CE5C7006DE578 /* Preview Assets.xcassets */,
			);
			path = "Preview Content";
			sourceTree = "<group>";
		};
		D3B6A3BD283CEAB1006DE578 /* Model */ = {
			isa = PBXGroup;
			children = (
				D3268783283F7F9F004ED9F3 /* AppUser.swift */,
				D3268788283F88E6004ED9F3 /* TODO.swift */,
				D326878A283F899E004ED9F3 /* SelectedButton.swift */,
				D326878C283F8C0F004ED9F3 /* MockData.swift */,
			);
			path = Model;
			sourceTree = "<group>";
		};
		D3B6A3BE283CEABB006DE578 /* View */ = {
			isa = PBXGroup;
			children = (
				D3B6A3C1283CEB7B006DE578 /* Authentication */,
				D3B6A3C0283CEB70006DE578 /* Utils */,
				D3268792283FA26C004ED9F3 /* DashboardView.swift */,
				D3962A902848B4BA002B1CE5 /* TODOView.swift */,
				D3962A942848BBBB002B1CE5 /* CreateTODOView.swift */,
			);
			path = View;
			sourceTree = "<group>";
		};
		D3B6A3BF283CEAC3006DE578 /* ViewModel */ = {
			isa = PBXGroup;
			children = (
				D326878E283F9286004ED9F3 /* AuthViewModel.swift */,
				D33487C72840D875008019BB /* TODOViewModel.swift */,
			);
			path = ViewModel;
			sourceTree = "<group>";
		};
		D3B6A3C0283CEB70006DE578 /* Utils */ = {
			isa = PBXGroup;
			children = (
				D3B6A3CA283D1BB2006DE578 /* TextFields */,
				D3B6A3C6283CECDA006DE578 /* BackgroundGradiantView.swift */,
				D39F1B33283E0CC2004B1E31 /* LogoView.swift */,
				D39F1B3B283E3C52004B1E31 /* AuthenticationButtonView.swift */,
				D33C81FB284770B700564AAA /* SearchBarView.swift */,
				D3962A8C28488D80002B1CE5 /* TODOButtonStack.swift */,
				D3962A8E2848963F002B1CE5 /* AddTODOLogo.swift */,
				D3962A922848BAE3002B1CE5 /* BlankView.swift */,
				D3962A982848C1D9002B1CE5 /* CustomTextEditor.swift */,
			);
			path = Utils;
			sourceTree = "<group>";
		};
		D3B6A3C1283CEB7B006DE578 /* Authentication */ = {
			isa = PBXGroup;
			children = (
				D3B6A3C2283CEB97006DE578 /* LoginView.swift */,
				D3B6A3C4283CEBB3006DE578 /* SignUpView.swift */,
			);
			path = Authentication;
			sourceTree = "<group>";
		};
		D3B6A3CA283D1BB2006DE578 /* TextFields */ = {
			isa = PBXGroup;
			children = (
				D3B6A3CB283D1BDD006DE578 /* CustomTextField.swift */,
				D39F1B37283E2C7D004B1E31 /* CustomSecureTextField.swift */,
				D39F1B31283E0626004B1E31 /* EmailTextField.swift */,
				D39F1B39283E30BA004B1E31 /* PasswordTextField.swift */,
				D326876F283F48B1004ED9F3 /* UserTextField.swift */,
				D3962A962848BE82002B1CE5 /* TODOTextFileld.swift */,
			);
			path = TextFields;
			sourceTree = "<group>";
		};
/* End PBXGroup section */

/* Begin PBXNativeTarget section */
		D3B6A3AB283CE5C4006DE578 /* ToDoSwiftUI */ = {
			isa = PBXNativeTarget;
			buildConfigurationList = D3B6A3BA283CE5C7006DE578 /* Build configuration list for PBXNativeTarget "ToDoSwiftUI" */;
			buildPhases = (
				D3B6A3A8283CE5C4006DE578 /* Sources */,
				D3B6A3A9283CE5C4006DE578 /* Frameworks */,
				D3B6A3AA283CE5C4006DE578 /* Resources */,
			);
			buildRules = (
			);
			dependencies = (
			);
			name = ToDoSwiftUI;
			packageProductDependencies = (
				D31C89BF2847749A000D7023 /* FirebaseAnalytics */,
				D31C89C12847749A000D7023 /* FirebaseAnalyticsSwift */,
				D31C89C32847749A000D7023 /* FirebaseAuth */,
				D31C89C52847749A000D7023 /* FirebaseCrashlytics */,
				D31C89C72847749A000D7023 /* FirebaseDatabase */,
				D31C89C92847749A000D7023 /* FirebaseDatabaseSwift */,
				D31C89CB2847749A000D7023 /* FirebaseFirestore */,
				D31C89CD2847749A000D7023 /* FirebaseFirestoreSwift */,
				D31C89CF2847749A000D7023 /* FirebaseFunctions */,
				D31C89D12847749A000D7023 /* FirebaseStorage */,
			);
			productName = ToDoSwiftUI;
			productReference = D3B6A3AC283CE5C4006DE578 /* ToDoSwiftUI.app */;
			productType = "com.apple.product-type.application";
		};
/* End PBXNativeTarget section */

/* Begin PBXProject section */
		D3B6A3A4283CE5C4006DE578 /* Project object */ = {
			isa = PBXProject;
			attributes = {
				BuildIndependentTargetsInParallel = 1;
				LastSwiftUpdateCheck = 1340;
				LastUpgradeCheck = 1340;
				TargetAttributes = {
					D3B6A3AB283CE5C4006DE578 = {
						CreatedOnToolsVersion = 13.4;
					};
				};
			};
			buildConfigurationList = D3B6A3A7283CE5C4006DE578 /* Build configuration list for PBXProject "ToDoSwiftUI" */;
			compatibilityVersion = "Xcode 13.0";
			developmentRegion = en;
			hasScannedForEncodings = 0;
			knownRegions = (
				en,
				Base,
			);
			mainGroup = D3B6A3A3283CE5C4006DE578;
			packageReferences = (
				D31C89BE2847749A000D7023 /* XCRemoteSwiftPackageReference "firebase-ios-sdk" */,
			);
			productRefGroup = D3B6A3AD283CE5C4006DE578 /* Products */;
			projectDirPath = "";
			projectRoot = "";
			targets = (
				D3B6A3AB283CE5C4006DE578 /* ToDoSwiftUI */,
			);
		};
/* End PBXProject section */

/* Begin PBXResourcesBuildPhase section */
		D3B6A3AA283CE5C4006DE578 /* Resources */ = {
			isa = PBXResourcesBuildPhase;
			buildActionMask = 2147483647;
			files = (
				D3B6A3B7283CE5C7006DE578 /* Preview Assets.xcassets in Resources */,
				D3B6A3B4283CE5C7006DE578 /* Assets.xcassets in Resources */,
				D3268772283F61BB004ED9F3 /* GoogleService-Info.plist in Resources */,
			);
			runOnlyForDeploymentPostprocessing = 0;
		};
/* End PBXResourcesBuildPhase section */

/* Begin PBXSourcesBuildPhase section */
		D3B6A3A8283CE5C4006DE578 /* Sources */ = {
			isa = PBXSourcesBuildPhase;
			buildActionMask = 2147483647;
			files = (
				D3268784283F7F9F004ED9F3 /* AppUser.swift in Sources */,
				D39F1B3C283E3C52004B1E31 /* AuthenticationButtonView.swift in Sources */,
				D3962A912848B4BA002B1CE5 /* TODOView.swift in Sources */,
				D39F1B3A283E30BA004B1E31 /* PasswordTextField.swift in Sources */,
				D326878D283F8C0F004ED9F3 /* MockData.swift in Sources */,
				D3268770283F48B1004ED9F3 /* UserTextField.swift in Sources */,
				D326878B283F899E004ED9F3 /* SelectedButton.swift in Sources */,
				D39F1B32283E0626004B1E31 /* EmailTextField.swift in Sources */,
				D3268789283F88E6004ED9F3 /* TODO.swift in Sources */,
				D3268793283FA26C004ED9F3 /* DashboardView.swift in Sources */,
				D326878F283F9286004ED9F3 /* AuthViewModel.swift in Sources */,
				D3962A8D28488D80002B1CE5 /* TODOButtonStack.swift in Sources */,
				D33C81FC284770B700564AAA /* SearchBarView.swift in Sources */,
				D39F1B38283E2C7D004B1E31 /* CustomSecureTextField.swift in Sources */,
				D3B6A3CC283D1BDD006DE578 /* CustomTextField.swift in Sources */,
				D3962A972848BE82002B1CE5 /* TODOTextFileld.swift in Sources */,
				D3962A992848C1D9002B1CE5 /* CustomTextEditor.swift in Sources */,
				D3B6A3C7283CECDA006DE578 /* BackgroundGradiantView.swift in Sources */,
				D3B6A3C5283CEBB3006DE578 /* SignUpView.swift in Sources */,
				D3962A952848BBBB002B1CE5 /* CreateTODOView.swift in Sources */,
				D3B6A3C3283CEB97006DE578 /* LoginView.swift in Sources */,
				D3268782283F7EE9004ED9F3 /* Constant.swift in Sources */,
				D33487C82840D875008019BB /* TODOViewModel.swift in Sources */,
				D39F1B34283E0CC2004B1E31 /* LogoView.swift in Sources */,
				D3962A932848BAE3002B1CE5 /* BlankView.swift in Sources */,
				D3B6A3B2283CE5C4006DE578 /* ContentView.swift in Sources */,
				D3B6A3B0283CE5C4006DE578 /* ToDoSwiftUIApp.swift in Sources */,
				D3962A8F2848963F002B1CE5 /* AddTODOLogo.swift in Sources */,
			);
			runOnlyForDeploymentPostprocessing = 0;
		};
/* End PBXSourcesBuildPhase section */

/* Begin XCBuildConfiguration section */
		D3B6A3B8283CE5C7006DE578 /* Debug */ = {
			isa = XCBuildConfiguration;
			buildSettings = {
				ALWAYS_SEARCH_USER_PATHS = NO;
				CLANG_ANALYZER_NONNULL = YES;
				CLANG_ANALYZER_NUMBER_OBJECT_CONVERSION = YES_AGGRESSIVE;
				CLANG_CXX_LANGUAGE_STANDARD = "gnu++17";
				CLANG_ENABLE_MODULES = YES;
				CLANG_ENABLE_OBJC_ARC = YES;
				CLANG_ENABLE_OBJC_WEAK = YES;
				CLANG_WARN_BLOCK_CAPTURE_AUTORELEASING = YES;
				CLANG_WARN_BOOL_CONVERSION = YES;
				CLANG_WARN_COMMA = YES;
				CLANG_WARN_CONSTANT_CONVERSION = YES;
				CLANG_WARN_DEPRECATED_OBJC_IMPLEMENTATIONS = YES;
				CLANG_WARN_DIRECT_OBJC_ISA_USAGE = YES_ERROR;
				CLANG_WARN_DOCUMENTATION_COMMENTS = YES;
				CLANG_WARN_EMPTY_BODY = YES;
				CLANG_WARN_ENUM_CONVERSION = YES;
				CLANG_WARN_INFINITE_RECURSION = YES;
				CLANG_WARN_INT_CONVERSION = YES;
				CLANG_WARN_NON_LITERAL_NULL_CONVERSION = YES;
				CLANG_WARN_OBJC_IMPLICIT_RETAIN_SELF = YES;
				CLANG_WARN_OBJC_LITERAL_CONVERSION = YES;
				CLANG_WARN_OBJC_ROOT_CLASS = YES_ERROR;
				CLANG_WARN_QUOTED_INCLUDE_IN_FRAMEWORK_HEADER = YES;
				CLANG_WARN_RANGE_LOOP_ANALYSIS = YES;
				CLANG_WARN_STRICT_PROTOTYPES = YES;
				CLANG_WARN_SUSPICIOUS_MOVE = YES;
				CLANG_WARN_UNGUARDED_AVAILABILITY = YES_AGGRESSIVE;
				CLANG_WARN_UNREACHABLE_CODE = YES;
				CLANG_WARN__DUPLICATE_METHOD_MATCH = YES;
				COPY_PHASE_STRIP = NO;
				DEBUG_INFORMATION_FORMAT = dwarf;
				ENABLE_STRICT_OBJC_MSGSEND = YES;
				ENABLE_TESTABILITY = YES;
				GCC_C_LANGUAGE_STANDARD = gnu11;
				GCC_DYNAMIC_NO_PIC = NO;
				GCC_NO_COMMON_BLOCKS = YES;
				GCC_OPTIMIZATION_LEVEL = 0;
				GCC_PREPROCESSOR_DEFINITIONS = (
					"DEBUG=1",
					"$(inherited)",
				);
				GCC_WARN_64_TO_32_BIT_CONVERSION = YES;
				GCC_WARN_ABOUT_RETURN_TYPE = YES_ERROR;
				GCC_WARN_UNDECLARED_SELECTOR = YES;
				GCC_WARN_UNINITIALIZED_AUTOS = YES_AGGRESSIVE;
				GCC_WARN_UNUSED_FUNCTION = YES;
				GCC_WARN_UNUSED_VARIABLE = YES;
				IPHONEOS_DEPLOYMENT_TARGET = 15.5;
				MTL_ENABLE_DEBUG_INFO = INCLUDE_SOURCE;
				MTL_FAST_MATH = YES;
				ONLY_ACTIVE_ARCH = YES;
				SDKROOT = iphoneos;
				SWIFT_ACTIVE_COMPILATION_CONDITIONS = DEBUG;
				SWIFT_OPTIMIZATION_LEVEL = "-Onone";
			};
			name = Debug;
		};
		D3B6A3B9283CE5C7006DE578 /* Release */ = {
			isa = XCBuildConfiguration;
			buildSettings = {
				ALWAYS_SEARCH_USER_PATHS = NO;
				CLANG_ANALYZER_NONNULL = YES;
				CLANG_ANALYZER_NUMBER_OBJECT_CONVERSION = YES_AGGRESSIVE;
				CLANG_CXX_LANGUAGE_STANDARD = "gnu++17";
				CLANG_ENABLE_MODULES = YES;
				CLANG_ENABLE_OBJC_ARC = YES;
				CLANG_ENABLE_OBJC_WEAK = YES;
				CLANG_WARN_BLOCK_CAPTURE_AUTORELEASING = YES;
				CLANG_WARN_BOOL_CONVERSION = YES;
				CLANG_WARN_COMMA = YES;
				CLANG_WARN_CONSTANT_CONVERSION = YES;
				CLANG_WARN_DEPRECATED_OBJC_IMPLEMENTATIONS = YES;
				CLANG_WARN_DIRECT_OBJC_ISA_USAGE = YES_ERROR;
				CLANG_WARN_DOCUMENTATION_COMMENTS = YES;
				CLANG_WARN_EMPTY_BODY = YES;
				CLANG_WARN_ENUM_CONVERSION = YES;
				CLANG_WARN_INFINITE_RECURSION = YES;
				CLANG_WARN_INT_CONVERSION = YES;
				CLANG_WARN_NON_LITERAL_NULL_CONVERSION = YES;
				CLANG_WARN_OBJC_IMPLICIT_RETAIN_SELF = YES;
				CLANG_WARN_OBJC_LITERAL_CONVERSION = YES;
				CLANG_WARN_OBJC_ROOT_CLASS = YES_ERROR;
				CLANG_WARN_QUOTED_INCLUDE_IN_FRAMEWORK_HEADER = YES;
				CLANG_WARN_RANGE_LOOP_ANALYSIS = YES;
				CLANG_WARN_STRICT_PROTOTYPES = YES;
				CLANG_WARN_SUSPICIOUS_MOVE = YES;
				CLANG_WARN_UNGUARDED_AVAILABILITY = YES_AGGRESSIVE;
				CLANG_WARN_UNREACHABLE_CODE = YES;
				CLANG_WARN__DUPLICATE_METHOD_MATCH = YES;
				COPY_PHASE_STRIP = NO;
				DEBUG_INFORMATION_FORMAT = "dwarf-with-dsym";
				ENABLE_NS_ASSERTIONS = NO;
				ENABLE_STRICT_OBJC_MSGSEND = YES;
				GCC_C_LANGUAGE_STANDARD = gnu11;
				GCC_NO_COMMON_BLOCKS = YES;
				GCC_WARN_64_TO_32_BIT_CONVERSION = YES;
				GCC_WARN_ABOUT_RETURN_TYPE = YES_ERROR;
				GCC_WARN_UNDECLARED_SELECTOR = YES;
				GCC_WARN_UNINITIALIZED_AUTOS = YES_AGGRESSIVE;
				GCC_WARN_UNUSED_FUNCTION = YES;
				GCC_WARN_UNUSED_VARIABLE = YES;
				IPHONEOS_DEPLOYMENT_TARGET = 15.5;
				MTL_ENABLE_DEBUG_INFO = NO;
				MTL_FAST_MATH = YES;
				SDKROOT = iphoneos;
				SWIFT_COMPILATION_MODE = wholemodule;
				SWIFT_OPTIMIZATION_LEVEL = "-O";
				VALIDATE_PRODUCT = YES;
			};
			name = Release;
		};
		D3B6A3BB283CE5C7006DE578 /* Debug */ = {
			isa = XCBuildConfiguration;
			buildSettings = {
				ASSETCATALOG_COMPILER_APPICON_NAME = AppIcon;
				ASSETCATALOG_COMPILER_GLOBAL_ACCENT_COLOR_NAME = AccentColor;
				CODE_SIGN_STYLE = Automatic;
				CURRENT_PROJECT_VERSION = 1;
				DEVELOPMENT_ASSET_PATHS = "\"ToDoSwiftUI/Preview Content\"";
				ENABLE_PREVIEWS = YES;
				GENERATE_INFOPLIST_FILE = YES;
				INFOPLIST_KEY_UIApplicationSceneManifest_Generation = YES;
				INFOPLIST_KEY_UIApplicationSupportsIndirectInputEvents = YES;
				INFOPLIST_KEY_UILaunchScreen_Generation = YES;
				INFOPLIST_KEY_UISupportedInterfaceOrientations_iPad = "UIInterfaceOrientationPortrait UIInterfaceOrientationPortraitUpsideDown UIInterfaceOrientationLandscapeLeft UIInterfaceOrientationLandscapeRight";
				INFOPLIST_KEY_UISupportedInterfaceOrientations_iPhone = "UIInterfaceOrientationPortrait UIInterfaceOrientationLandscapeLeft UIInterfaceOrientationLandscapeRight";
				LD_RUNPATH_SEARCH_PATHS = (
					"$(inherited)",
					"@executable_path/Frameworks",
				);
				MARKETING_VERSION = 1.0;
				PRODUCT_BUNDLE_IDENTIFIER = com.webmyne.ToDoSwiftUI;
				PRODUCT_NAME = "$(TARGET_NAME)";
				SWIFT_EMIT_LOC_STRINGS = YES;
				SWIFT_VERSION = 5.0;
				TARGETED_DEVICE_FAMILY = "1,2";
			};
			name = Debug;
		};
		D3B6A3BC283CE5C7006DE578 /* Release */ = {
			isa = XCBuildConfiguration;
			buildSettings = {
				ASSETCATALOG_COMPILER_APPICON_NAME = AppIcon;
				ASSETCATALOG_COMPILER_GLOBAL_ACCENT_COLOR_NAME = AccentColor;
				CODE_SIGN_STYLE = Automatic;
				CURRENT_PROJECT_VERSION = 1;
				DEVELOPMENT_ASSET_PATHS = "\"ToDoSwiftUI/Preview Content\"";
				ENABLE_PREVIEWS = YES;
				GENERATE_INFOPLIST_FILE = YES;
				INFOPLIST_KEY_UIApplicationSceneManifest_Generation = YES;
				INFOPLIST_KEY_UIApplicationSupportsIndirectInputEvents = YES;
				INFOPLIST_KEY_UILaunchScreen_Generation = YES;
				INFOPLIST_KEY_UISupportedInterfaceOrientations_iPad = "UIInterfaceOrientationPortrait UIInterfaceOrientationPortraitUpsideDown UIInterfaceOrientationLandscapeLeft UIInterfaceOrientationLandscapeRight";
				INFOPLIST_KEY_UISupportedInterfaceOrientations_iPhone = "UIInterfaceOrientationPortrait UIInterfaceOrientationLandscapeLeft UIInterfaceOrientationLandscapeRight";
				LD_RUNPATH_SEARCH_PATHS = (
					"$(inherited)",
					"@executable_path/Frameworks",
				);
				MARKETING_VERSION = 1.0;
				PRODUCT_BUNDLE_IDENTIFIER = com.webmyne.ToDoSwiftUI;
				PRODUCT_NAME = "$(TARGET_NAME)";
				SWIFT_EMIT_LOC_STRINGS = YES;
				SWIFT_VERSION = 5.0;
				TARGETED_DEVICE_FAMILY = "1,2";
			};
			name = Release;
		};
/* End XCBuildConfiguration section */

/* Begin XCConfigurationList section */
		D3B6A3A7283CE5C4006DE578 /* Build configuration list for PBXProject "ToDoSwiftUI" */ = {
			isa = XCConfigurationList;
			buildConfigurations = (
				D3B6A3B8283CE5C7006DE578 /* Debug */,
				D3B6A3B9283CE5C7006DE578 /* Release */,
			);
			defaultConfigurationIsVisible = 0;
			defaultConfigurationName = Release;
		};
		D3B6A3BA283CE5C7006DE578 /* Build configuration list for PBXNativeTarget "ToDoSwiftUI" */ = {
			isa = XCConfigurationList;
			buildConfigurations = (
				D3B6A3BB283CE5C7006DE578 /* Debug */,
				D3B6A3BC283CE5C7006DE578 /* Release */,
			);
			defaultConfigurationIsVisible = 0;
			defaultConfigurationName = Release;
		};
/* End XCConfigurationList section */

/* Begin XCRemoteSwiftPackageReference section */
		D31C89BE2847749A000D7023 /* XCRemoteSwiftPackageReference "firebase-ios-sdk" */ = {
			isa = XCRemoteSwiftPackageReference;
			repositoryURL = "https://github.com/firebase/firebase-ios-sdk";
			requirement = {
				kind = upToNextMajorVersion;
				minimumVersion = 9.0.0;
			};
		};
/* End XCRemoteSwiftPackageReference section */

/* Begin XCSwiftPackageProductDependency section */
		D31C89BF2847749A000D7023 /* FirebaseAnalytics */ = {
			isa = XCSwiftPackageProductDependency;
			package = D31C89BE2847749A000D7023 /* XCRemoteSwiftPackageReference "firebase-ios-sdk" */;
			productName = FirebaseAnalytics;
		};
		D31C89C12847749A000D7023 /* FirebaseAnalyticsSwift */ = {
			isa = XCSwiftPackageProductDependency;
			package = D31C89BE2847749A000D7023 /* XCRemoteSwiftPackageReference "firebase-ios-sdk" */;
			productName = FirebaseAnalyticsSwift;
		};
		D31C89C32847749A000D7023 /* FirebaseAuth */ = {
			isa = XCSwiftPackageProductDependency;
			package = D31C89BE2847749A000D7023 /* XCRemoteSwiftPackageReference "firebase-ios-sdk" */;
			productName = FirebaseAuth;
		};
		D31C89C52847749A000D7023 /* FirebaseCrashlytics */ = {
			isa = XCSwiftPackageProductDependency;
			package = D31C89BE2847749A000D7023 /* XCRemoteSwiftPackageReference "firebase-ios-sdk" */;
			productName = FirebaseCrashlytics;
		};
		D31C89C72847749A000D7023 /* FirebaseDatabase */ = {
			isa = XCSwiftPackageProductDependency;
			package = D31C89BE2847749A000D7023 /* XCRemoteSwiftPackageReference "firebase-ios-sdk" */;
			productName = FirebaseDatabase;
		};
		D31C89C92847749A000D7023 /* FirebaseDatabaseSwift */ = {
			isa = XCSwiftPackageProductDependency;
			package = D31C89BE2847749A000D7023 /* XCRemoteSwiftPackageReference "firebase-ios-sdk" */;
			productName = FirebaseDatabaseSwift;
		};
		D31C89CB2847749A000D7023 /* FirebaseFirestore */ = {
			isa = XCSwiftPackageProductDependency;
			package = D31C89BE2847749A000D7023 /* XCRemoteSwiftPackageReference "firebase-ios-sdk" */;
			productName = FirebaseFirestore;
		};
		D31C89CD2847749A000D7023 /* FirebaseFirestoreSwift */ = {
			isa = XCSwiftPackageProductDependency;
			package = D31C89BE2847749A000D7023 /* XCRemoteSwiftPackageReference "firebase-ios-sdk" */;
			productName = FirebaseFirestoreSwift;
		};
		D31C89CF2847749A000D7023 /* FirebaseFunctions */ = {
			isa = XCSwiftPackageProductDependency;
			package = D31C89BE2847749A000D7023 /* XCRemoteSwiftPackageReference "firebase-ios-sdk" */;
			productName = FirebaseFunctions;
		};
		D31C89D12847749A000D7023 /* FirebaseStorage */ = {
			isa = XCSwiftPackageProductDependency;
			package = D31C89BE2847749A000D7023 /* XCRemoteSwiftPackageReference "firebase-ios-sdk" */;
			productName = FirebaseStorage;
		};
/* End XCSwiftPackageProductDependency section */
	};
	rootObject = D3B6A3A4283CE5C4006DE578 /* Project object */;
}
